
Microsoft Visual Studio Solution File, Format Version 12.00
# Visual Studio Version 16
VisualStudioVersion = 16.0.29827.131
MinimumVisualStudioVersion = 10.0.40219.1
Project("{D954291E-2A0B-460D-934E-DC6B0785DB48}") = "RealWorldUI.Shared", "src\RealWorldUI\RealWorldUI.Shared\RealWorldUI.Shared.shproj", "{6279C845-92F8-4333-AB99-3D213163593C}"
EndProject
Project("{FAE04EC0-301F-11D3-BF4B-00C04F79EFBC}") = "RealWorldUI.Droid", "src\RealWorldUI\RealWorldUI.Droid\RealWorldUI.Droid.csproj", "{26228D22-0348-4687-8F76-E3BA657C0EDC}"
EndProject
Project("{FAE04EC0-301F-11D3-BF4B-00C04F79EFBC}") = "RealWorldUI.iOS", "src\RealWorldUI\RealWorldUI.iOS\RealWorldUI.iOS.csproj", "{347DFCD4-84DE-4C92-A84A-96835FF8BE7C}"
EndProject
Project("{FAE04EC0-301F-11D3-BF4B-00C04F79EFBC}") = "RealWorldUI.UWP", "src\RealWorldUI\RealWorldUI.UWP\RealWorldUI.UWP.csproj", "{49A4D05B-71F4-4A36-BBCD-AE536F62A88A}"
EndProject
Project("{9A19103F-16F7-4668-BE54-9A1E7A4F7556}") = "RealWorldUI.Wasm", "src\RealWorldUI\RealWorldUI.Wasm\RealWorldUI.Wasm.csproj", "{D83B207B-260A-45CC-841C-B6BA0D708494}"
EndProject
Project("{2150E333-8FDC-42A3-9474-1A3956D46DE8}") = "UI", "UI", "{B4DFC38B-CA41-4DAE-9815-52D8C769CCDF}"
EndProject
Project("{2150E333-8FDC-42A3-9474-1A3956D46DE8}") = "Server", "Server", "{CAB2DBE3-7C12-494F-9519-181C0914B620}"
EndProject
Project("{9A19103F-16F7-4668-BE54-9A1E7A4F7556}") = "RealWorldWebAPI", "src\RealWorldWebAPI\RealWorldWebAPI.csproj", "{976B962D-3F1C-4105-8EEB-E594EA2E95F0}"
EndProject
Project("{2150E333-8FDC-42A3-9474-1A3956D46DE8}") = "Common", "Common", "{2893B3A9-AEFD-48BC-BF19-BCBF025E208D}"
EndProject
Project("{9A19103F-16F7-4668-BE54-9A1E7A4F7556}") = "RealWorldCommon", "src\Common\RealWorldCommon\RealWorldCommon.csproj", "{A72D0A07-B2BA-483A-8AAE-722DCCD18076}"
EndProject
Project("{2150E333-8FDC-42A3-9474-1A3956D46DE8}") = "Repo Root", "Repo Root", "{B5963B8A-820E-4F51-8150-D01FD04D5408}"
	ProjectSection(SolutionItems) = preProject
		.dockerignore = .dockerignore
		.gitattributes = .gitattributes
		.gitignore = .gitignore
		LICENSE.md = LICENSE.md
		README.md = README.md
	EndProjectSection
EndProject
Project("{2150E333-8FDC-42A3-9474-1A3956D46DE8}") = "Docs", "Docs", "{3A79A1D2-7C86-42CD-816E-413C9F6F07ED}"
	ProjectSection(SolutionItems) = preProject
		docs\index.md = docs\index.md
	EndProjectSection
EndProject
Global
	GlobalSection(SharedMSBuildProjectFiles) = preSolution
		src\RealWorldUI\RealWorldUI.Shared\RealWorldUI.Shared.projitems*{26228d22-0348-4687-8f76-e3ba657c0edc}*SharedItemsImports = 4
		src\RealWorldUI\RealWorldUI.Shared\RealWorldUI.Shared.projitems*{347dfcd4-84de-4c92-a84a-96835ff8be7c}*SharedItemsImports = 4
		src\RealWorldUI\RealWorldUI.Shared\RealWorldUI.Shared.projitems*{49a4d05b-71f4-4a36-bbcd-ae536f62a88a}*SharedItemsImports = 4
		src\RealWorldUI\RealWorldUI.Shared\RealWorldUI.Shared.projitems*{6279c845-92f8-4333-ab99-3d213163593c}*SharedItemsImports = 13
		RealWorldUI\RealWorldUI.Shared\RealWorldUI.Shared.projitems*{d83b207b-260a-45cc-841c-b6ba0d708494}*SharedItemsImports = 5
	EndGlobalSection
	GlobalSection(SolutionConfigurationPlatforms) = preSolution
		Ad-Hoc|Any CPU = Ad-Hoc|Any CPU
		Ad-Hoc|ARM = Ad-Hoc|ARM
		Ad-Hoc|iPhone = Ad-Hoc|iPhone
		Ad-Hoc|iPhoneSimulator = Ad-Hoc|iPhoneSimulator
		Ad-Hoc|x64 = Ad-Hoc|x64
		Ad-Hoc|x86 = Ad-Hoc|x86
		AppStore|Any CPU = AppStore|Any CPU
		AppStore|ARM = AppStore|ARM
		AppStore|iPhone = AppStore|iPhone
		AppStore|iPhoneSimulator = AppStore|iPhoneSimulator
		AppStore|x64 = AppStore|x64
		AppStore|x86 = AppStore|x86
		Debug|Any CPU = Debug|Any CPU
		Debug|ARM = Debug|ARM
		Debug|iPhone = Debug|iPhone
		Debug|iPhoneSimulator = Debug|iPhoneSimulator
		Debug|x64 = Debug|x64
		Debug|x86 = Debug|x86
		Release|Any CPU = Release|Any CPU
		Release|ARM = Release|ARM
		Release|iPhone = Release|iPhone
		Release|iPhoneSimulator = Release|iPhoneSimulator
		Release|x64 = Release|x64
		Release|x86 = Release|x86
	EndGlobalSection
	GlobalSection(ProjectConfigurationPlatforms) = postSolution
		{26228D22-0348-4687-8F76-E3BA657C0EDC}.Ad-Hoc|Any CPU.ActiveCfg = Release|Any CPU
		{26228D22-0348-4687-8F76-E3BA657C0EDC}.Ad-Hoc|Any CPU.Build.0 = Release|Any CPU
		{26228D22-0348-4687-8F76-E3BA657C0EDC}.Ad-Hoc|Any CPU.Deploy.0 = Release|Any CPU
		{26228D22-0348-4687-8F76-E3BA657C0EDC}.Ad-Hoc|ARM.ActiveCfg = Release|Any CPU
		{26228D22-0348-4687-8F76-E3BA657C0EDC}.Ad-Hoc|ARM.Build.0 = Release|Any CPU
		{26228D22-0348-4687-8F76-E3BA657C0EDC}.Ad-Hoc|ARM.Deploy.0 = Release|Any CPU
		{26228D22-0348-4687-8F76-E3BA657C0EDC}.Ad-Hoc|iPhone.ActiveCfg = Release|Any CPU
		{26228D22-0348-4687-8F76-E3BA657C0EDC}.Ad-Hoc|iPhone.Build.0 = Release|Any CPU
		{26228D22-0348-4687-8F76-E3BA657C0EDC}.Ad-Hoc|iPhone.Deploy.0 = Release|Any CPU
		{26228D22-0348-4687-8F76-E3BA657C0EDC}.Ad-Hoc|iPhoneSimulator.ActiveCfg = Release|Any CPU
		{26228D22-0348-4687-8F76-E3BA657C0EDC}.Ad-Hoc|iPhoneSimulator.Build.0 = Release|Any CPU
		{26228D22-0348-4687-8F76-E3BA657C0EDC}.Ad-Hoc|iPhoneSimulator.Deploy.0 = Release|Any CPU
		{26228D22-0348-4687-8F76-E3BA657C0EDC}.Ad-Hoc|x64.ActiveCfg = Release|Any CPU
		{26228D22-0348-4687-8F76-E3BA657C0EDC}.Ad-Hoc|x64.Build.0 = Release|Any CPU
		{26228D22-0348-4687-8F76-E3BA657C0EDC}.Ad-Hoc|x64.Deploy.0 = Release|Any CPU
		{26228D22-0348-4687-8F76-E3BA657C0EDC}.Ad-Hoc|x86.ActiveCfg = Release|Any CPU
		{26228D22-0348-4687-8F76-E3BA657C0EDC}.Ad-Hoc|x86.Build.0 = Release|Any CPU
		{26228D22-0348-4687-8F76-E3BA657C0EDC}.Ad-Hoc|x86.Deploy.0 = Release|Any CPU
		{26228D22-0348-4687-8F76-E3BA657C0EDC}.AppStore|Any CPU.ActiveCfg = Release|Any CPU
		{26228D22-0348-4687-8F76-E3BA657C0EDC}.AppStore|Any CPU.Build.0 = Release|Any CPU
		{26228D22-0348-4687-8F76-E3BA657C0EDC}.AppStore|Any CPU.Deploy.0 = Release|Any CPU
		{26228D22-0348-4687-8F76-E3BA657C0EDC}.AppStore|ARM.ActiveCfg = Release|Any CPU
		{26228D22-0348-4687-8F76-E3BA657C0EDC}.AppStore|ARM.Build.0 = Release|Any CPU
		{26228D22-0348-4687-8F76-E3BA657C0EDC}.AppStore|ARM.Deploy.0 = Release|Any CPU
		{26228D22-0348-4687-8F76-E3BA657C0EDC}.AppStore|iPhone.ActiveCfg = Release|Any CPU
		{26228D22-0348-4687-8F76-E3BA657C0EDC}.AppStore|iPhone.Build.0 = Release|Any CPU
		{26228D22-0348-4687-8F76-E3BA657C0EDC}.AppStore|iPhone.Deploy.0 = Release|Any CPU
		{26228D22-0348-4687-8F76-E3BA657C0EDC}.AppStore|iPhoneSimulator.ActiveCfg = Release|Any CPU
		{26228D22-0348-4687-8F76-E3BA657C0EDC}.AppStore|iPhoneSimulator.Build.0 = Release|Any CPU
		{26228D22-0348-4687-8F76-E3BA657C0EDC}.AppStore|iPhoneSimulator.Deploy.0 = Release|Any CPU
		{26228D22-0348-4687-8F76-E3BA657C0EDC}.AppStore|x64.ActiveCfg = Release|Any CPU
		{26228D22-0348-4687-8F76-E3BA657C0EDC}.AppStore|x64.Build.0 = Release|Any CPU
		{26228D22-0348-4687-8F76-E3BA657C0EDC}.AppStore|x64.Deploy.0 = Release|Any CPU
		{26228D22-0348-4687-8F76-E3BA657C0EDC}.AppStore|x86.ActiveCfg = Release|Any CPU
		{26228D22-0348-4687-8F76-E3BA657C0EDC}.AppStore|x86.Build.0 = Release|Any CPU
		{26228D22-0348-4687-8F76-E3BA657C0EDC}.AppStore|x86.Deploy.0 = Release|Any CPU
		{26228D22-0348-4687-8F76-E3BA657C0EDC}.Debug|Any CPU.ActiveCfg = Debug|Any CPU
		{26228D22-0348-4687-8F76-E3BA657C0EDC}.Debug|ARM.ActiveCfg = Debug|Any CPU
		{26228D22-0348-4687-8F76-E3BA657C0EDC}.Debug|ARM.Build.0 = Debug|Any CPU
		{26228D22-0348-4687-8F76-E3BA657C0EDC}.Debug|ARM.Deploy.0 = Debug|Any CPU
		{26228D22-0348-4687-8F76-E3BA657C0EDC}.Debug|iPhone.ActiveCfg = Debug|Any CPU
		{26228D22-0348-4687-8F76-E3BA657C0EDC}.Debug|iPhone.Build.0 = Debug|Any CPU
		{26228D22-0348-4687-8F76-E3BA657C0EDC}.Debug|iPhone.Deploy.0 = Debug|Any CPU
		{26228D22-0348-4687-8F76-E3BA657C0EDC}.Debug|iPhoneSimulator.ActiveCfg = Debug|Any CPU
		{26228D22-0348-4687-8F76-E3BA657C0EDC}.Debug|iPhoneSimulator.Build.0 = Debug|Any CPU
		{26228D22-0348-4687-8F76-E3BA657C0EDC}.Debug|iPhoneSimulator.Deploy.0 = Debug|Any CPU
		{26228D22-0348-4687-8F76-E3BA657C0EDC}.Debug|x64.ActiveCfg = Debug|Any CPU
		{26228D22-0348-4687-8F76-E3BA657C0EDC}.Debug|x64.Build.0 = Debug|Any CPU
		{26228D22-0348-4687-8F76-E3BA657C0EDC}.Debug|x64.Deploy.0 = Debug|Any CPU
		{26228D22-0348-4687-8F76-E3BA657C0EDC}.Debug|x86.ActiveCfg = Debug|Any CPU
		{26228D22-0348-4687-8F76-E3BA657C0EDC}.Debug|x86.Build.0 = Debug|Any CPU
		{26228D22-0348-4687-8F76-E3BA657C0EDC}.Debug|x86.Deploy.0 = Debug|Any CPU
		{26228D22-0348-4687-8F76-E3BA657C0EDC}.Release|Any CPU.ActiveCfg = Release|Any CPU
		{26228D22-0348-4687-8F76-E3BA657C0EDC}.Release|Any CPU.Build.0 = Release|Any CPU
		{26228D22-0348-4687-8F76-E3BA657C0EDC}.Release|Any CPU.Deploy.0 = Release|Any CPU
		{26228D22-0348-4687-8F76-E3BA657C0EDC}.Release|ARM.ActiveCfg = Release|Any CPU
		{26228D22-0348-4687-8F76-E3BA657C0EDC}.Release|ARM.Build.0 = Release|Any CPU
		{26228D22-0348-4687-8F76-E3BA657C0EDC}.Release|ARM.Deploy.0 = Release|Any CPU
		{26228D22-0348-4687-8F76-E3BA657C0EDC}.Release|iPhone.ActiveCfg = Release|Any CPU
		{26228D22-0348-4687-8F76-E3BA657C0EDC}.Release|iPhone.Build.0 = Release|Any CPU
		{26228D22-0348-4687-8F76-E3BA657C0EDC}.Release|iPhone.Deploy.0 = Release|Any CPU
		{26228D22-0348-4687-8F76-E3BA657C0EDC}.Release|iPhoneSimulator.ActiveCfg = Release|Any CPU
		{26228D22-0348-4687-8F76-E3BA657C0EDC}.Release|iPhoneSimulator.Build.0 = Release|Any CPU
		{26228D22-0348-4687-8F76-E3BA657C0EDC}.Release|iPhoneSimulator.Deploy.0 = Release|Any CPU
		{26228D22-0348-4687-8F76-E3BA657C0EDC}.Release|x64.ActiveCfg = Release|Any CPU
		{26228D22-0348-4687-8F76-E3BA657C0EDC}.Release|x64.Build.0 = Release|Any CPU
		{26228D22-0348-4687-8F76-E3BA657C0EDC}.Release|x64.Deploy.0 = Release|Any CPU
		{26228D22-0348-4687-8F76-E3BA657C0EDC}.Release|x86.ActiveCfg = Release|Any CPU
		{26228D22-0348-4687-8F76-E3BA657C0EDC}.Release|x86.Build.0 = Release|Any CPU
		{26228D22-0348-4687-8F76-E3BA657C0EDC}.Release|x86.Deploy.0 = Release|Any CPU
		{347DFCD4-84DE-4C92-A84A-96835FF8BE7C}.Ad-Hoc|Any CPU.ActiveCfg = Ad-Hoc|iPhone
		{347DFCD4-84DE-4C92-A84A-96835FF8BE7C}.Ad-Hoc|ARM.ActiveCfg = Ad-Hoc|iPhone
		{347DFCD4-84DE-4C92-A84A-96835FF8BE7C}.Ad-Hoc|iPhone.ActiveCfg = Ad-Hoc|iPhone
		{347DFCD4-84DE-4C92-A84A-96835FF8BE7C}.Ad-Hoc|iPhone.Build.0 = Ad-Hoc|iPhone
		{347DFCD4-84DE-4C92-A84A-96835FF8BE7C}.Ad-Hoc|iPhoneSimulator.ActiveCfg = Ad-Hoc|iPhoneSimulator
		{347DFCD4-84DE-4C92-A84A-96835FF8BE7C}.Ad-Hoc|iPhoneSimulator.Build.0 = Ad-Hoc|iPhoneSimulator
		{347DFCD4-84DE-4C92-A84A-96835FF8BE7C}.Ad-Hoc|x64.ActiveCfg = Ad-Hoc|iPhone
		{347DFCD4-84DE-4C92-A84A-96835FF8BE7C}.Ad-Hoc|x86.ActiveCfg = Ad-Hoc|iPhone
		{347DFCD4-84DE-4C92-A84A-96835FF8BE7C}.AppStore|Any CPU.ActiveCfg = AppStore|iPhone
		{347DFCD4-84DE-4C92-A84A-96835FF8BE7C}.AppStore|ARM.ActiveCfg = AppStore|iPhone
		{347DFCD4-84DE-4C92-A84A-96835FF8BE7C}.AppStore|iPhone.ActiveCfg = AppStore|iPhone
		{347DFCD4-84DE-4C92-A84A-96835FF8BE7C}.AppStore|iPhone.Build.0 = AppStore|iPhone
		{347DFCD4-84DE-4C92-A84A-96835FF8BE7C}.AppStore|iPhoneSimulator.ActiveCfg = AppStore|iPhoneSimulator
		{347DFCD4-84DE-4C92-A84A-96835FF8BE7C}.AppStore|iPhoneSimulator.Build.0 = AppStore|iPhoneSimulator
		{347DFCD4-84DE-4C92-A84A-96835FF8BE7C}.AppStore|x64.ActiveCfg = AppStore|iPhone
		{347DFCD4-84DE-4C92-A84A-96835FF8BE7C}.AppStore|x86.ActiveCfg = AppStore|iPhone
		{347DFCD4-84DE-4C92-A84A-96835FF8BE7C}.Debug|Any CPU.ActiveCfg = Debug|iPhone
		{347DFCD4-84DE-4C92-A84A-96835FF8BE7C}.Debug|ARM.ActiveCfg = Debug|iPhone
		{347DFCD4-84DE-4C92-A84A-96835FF8BE7C}.Debug|iPhone.ActiveCfg = Debug|iPhone
		{347DFCD4-84DE-4C92-A84A-96835FF8BE7C}.Debug|iPhone.Build.0 = Debug|iPhone
		{347DFCD4-84DE-4C92-A84A-96835FF8BE7C}.Debug|iPhoneSimulator.ActiveCfg = Debug|iPhoneSimulator
		{347DFCD4-84DE-4C92-A84A-96835FF8BE7C}.Debug|iPhoneSimulator.Build.0 = Debug|iPhoneSimulator
		{347DFCD4-84DE-4C92-A84A-96835FF8BE7C}.Debug|x64.ActiveCfg = Debug|iPhone
		{347DFCD4-84DE-4C92-A84A-96835FF8BE7C}.Debug|x86.ActiveCfg = Debug|iPhone
		{347DFCD4-84DE-4C92-A84A-96835FF8BE7C}.Release|Any CPU.ActiveCfg = Release|iPhone
		{347DFCD4-84DE-4C92-A84A-96835FF8BE7C}.Release|ARM.ActiveCfg = Release|iPhone
		{347DFCD4-84DE-4C92-A84A-96835FF8BE7C}.Release|iPhone.ActiveCfg = Release|iPhone
		{347DFCD4-84DE-4C92-A84A-96835FF8BE7C}.Release|iPhone.Build.0 = Release|iPhone
		{347DFCD4-84DE-4C92-A84A-96835FF8BE7C}.Release|iPhoneSimulator.ActiveCfg = Release|iPhoneSimulator
		{347DFCD4-84DE-4C92-A84A-96835FF8BE7C}.Release|iPhoneSimulator.Build.0 = Release|iPhoneSimulator
		{347DFCD4-84DE-4C92-A84A-96835FF8BE7C}.Release|x64.ActiveCfg = Release|iPhone
		{347DFCD4-84DE-4C92-A84A-96835FF8BE7C}.Release|x86.ActiveCfg = Release|iPhone
		{49A4D05B-71F4-4A36-BBCD-AE536F62A88A}.Ad-Hoc|Any CPU.ActiveCfg = Release|x64
		{49A4D05B-71F4-4A36-BBCD-AE536F62A88A}.Ad-Hoc|Any CPU.Build.0 = Release|x64
		{49A4D05B-71F4-4A36-BBCD-AE536F62A88A}.Ad-Hoc|Any CPU.Deploy.0 = Release|x64
		{49A4D05B-71F4-4A36-BBCD-AE536F62A88A}.Ad-Hoc|ARM.ActiveCfg = Release|ARM
		{49A4D05B-71F4-4A36-BBCD-AE536F62A88A}.Ad-Hoc|ARM.Build.0 = Release|ARM
		{49A4D05B-71F4-4A36-BBCD-AE536F62A88A}.Ad-Hoc|ARM.Deploy.0 = Release|ARM
		{49A4D05B-71F4-4A36-BBCD-AE536F62A88A}.Ad-Hoc|iPhone.ActiveCfg = Release|x64
		{49A4D05B-71F4-4A36-BBCD-AE536F62A88A}.Ad-Hoc|iPhone.Build.0 = Release|x64
		{49A4D05B-71F4-4A36-BBCD-AE536F62A88A}.Ad-Hoc|iPhone.Deploy.0 = Release|x64
		{49A4D05B-71F4-4A36-BBCD-AE536F62A88A}.Ad-Hoc|iPhoneSimulator.ActiveCfg = Release|x64
		{49A4D05B-71F4-4A36-BBCD-AE536F62A88A}.Ad-Hoc|iPhoneSimulator.Build.0 = Release|x64
		{49A4D05B-71F4-4A36-BBCD-AE536F62A88A}.Ad-Hoc|iPhoneSimulator.Deploy.0 = Release|x64
		{49A4D05B-71F4-4A36-BBCD-AE536F62A88A}.Ad-Hoc|x64.ActiveCfg = Release|x64
		{49A4D05B-71F4-4A36-BBCD-AE536F62A88A}.Ad-Hoc|x64.Build.0 = Release|x64
		{49A4D05B-71F4-4A36-BBCD-AE536F62A88A}.Ad-Hoc|x64.Deploy.0 = Release|x64
		{49A4D05B-71F4-4A36-BBCD-AE536F62A88A}.Ad-Hoc|x86.ActiveCfg = Release|x86
		{49A4D05B-71F4-4A36-BBCD-AE536F62A88A}.Ad-Hoc|x86.Build.0 = Release|x86
		{49A4D05B-71F4-4A36-BBCD-AE536F62A88A}.Ad-Hoc|x86.Deploy.0 = Release|x86
		{49A4D05B-71F4-4A36-BBCD-AE536F62A88A}.AppStore|Any CPU.ActiveCfg = Release|x64
		{49A4D05B-71F4-4A36-BBCD-AE536F62A88A}.AppStore|Any CPU.Build.0 = Release|x64
		{49A4D05B-71F4-4A36-BBCD-AE536F62A88A}.AppStore|Any CPU.Deploy.0 = Release|x64
		{49A4D05B-71F4-4A36-BBCD-AE536F62A88A}.AppStore|ARM.ActiveCfg = Release|ARM
		{49A4D05B-71F4-4A36-BBCD-AE536F62A88A}.AppStore|ARM.Build.0 = Release|ARM
		{49A4D05B-71F4-4A36-BBCD-AE536F62A88A}.AppStore|ARM.Deploy.0 = Release|ARM
		{49A4D05B-71F4-4A36-BBCD-AE536F62A88A}.AppStore|iPhone.ActiveCfg = Release|x64
		{49A4D05B-71F4-4A36-BBCD-AE536F62A88A}.AppStore|iPhone.Build.0 = Release|x64
		{49A4D05B-71F4-4A36-BBCD-AE536F62A88A}.AppStore|iPhone.Deploy.0 = Release|x64
		{49A4D05B-71F4-4A36-BBCD-AE536F62A88A}.AppStore|iPhoneSimulator.ActiveCfg = Release|x64
		{49A4D05B-71F4-4A36-BBCD-AE536F62A88A}.AppStore|iPhoneSimulator.Build.0 = Release|x64
		{49A4D05B-71F4-4A36-BBCD-AE536F62A88A}.AppStore|iPhoneSimulator.Deploy.0 = Release|x64
		{49A4D05B-71F4-4A36-BBCD-AE536F62A88A}.AppStore|x64.ActiveCfg = Release|x64
		{49A4D05B-71F4-4A36-BBCD-AE536F62A88A}.AppStore|x64.Build.0 = Release|x64
		{49A4D05B-71F4-4A36-BBCD-AE536F62A88A}.AppStore|x64.Deploy.0 = Release|x64
		{49A4D05B-71F4-4A36-BBCD-AE536F62A88A}.AppStore|x86.ActiveCfg = Release|x86
		{49A4D05B-71F4-4A36-BBCD-AE536F62A88A}.AppStore|x86.Build.0 = Release|x86
		{49A4D05B-71F4-4A36-BBCD-AE536F62A88A}.AppStore|x86.Deploy.0 = Release|x86
		{49A4D05B-71F4-4A36-BBCD-AE536F62A88A}.Debug|Any CPU.ActiveCfg = Debug|x86
		{49A4D05B-71F4-4A36-BBCD-AE536F62A88A}.Debug|ARM.ActiveCfg = Debug|ARM
		{49A4D05B-71F4-4A36-BBCD-AE536F62A88A}.Debug|ARM.Build.0 = Debug|ARM
		{49A4D05B-71F4-4A36-BBCD-AE536F62A88A}.Debug|ARM.Deploy.0 = Debug|ARM
		{49A4D05B-71F4-4A36-BBCD-AE536F62A88A}.Debug|iPhone.ActiveCfg = Debug|x86
		{49A4D05B-71F4-4A36-BBCD-AE536F62A88A}.Debug|iPhoneSimulator.ActiveCfg = Debug|x86
		{49A4D05B-71F4-4A36-BBCD-AE536F62A88A}.Debug|x64.ActiveCfg = Debug|x64
		{49A4D05B-71F4-4A36-BBCD-AE536F62A88A}.Debug|x64.Build.0 = Debug|x64
		{49A4D05B-71F4-4A36-BBCD-AE536F62A88A}.Debug|x64.Deploy.0 = Debug|x64
		{49A4D05B-71F4-4A36-BBCD-AE536F62A88A}.Debug|x86.ActiveCfg = Debug|x86
		{49A4D05B-71F4-4A36-BBCD-AE536F62A88A}.Debug|x86.Build.0 = Debug|x86
		{49A4D05B-71F4-4A36-BBCD-AE536F62A88A}.Debug|x86.Deploy.0 = Debug|x86
		{49A4D05B-71F4-4A36-BBCD-AE536F62A88A}.Release|Any CPU.ActiveCfg = Release|x86
		{49A4D05B-71F4-4A36-BBCD-AE536F62A88A}.Release|ARM.ActiveCfg = Release|ARM
		{49A4D05B-71F4-4A36-BBCD-AE536F62A88A}.Release|ARM.Build.0 = Release|ARM
		{49A4D05B-71F4-4A36-BBCD-AE536F62A88A}.Release|ARM.Deploy.0 = Release|ARM
		{49A4D05B-71F4-4A36-BBCD-AE536F62A88A}.Release|iPhone.ActiveCfg = Release|x86
		{49A4D05B-71F4-4A36-BBCD-AE536F62A88A}.Release|iPhoneSimulator.ActiveCfg = Release|x86
		{49A4D05B-71F4-4A36-BBCD-AE536F62A88A}.Release|x64.ActiveCfg = Release|x64
		{49A4D05B-71F4-4A36-BBCD-AE536F62A88A}.Release|x64.Build.0 = Release|x64
		{49A4D05B-71F4-4A36-BBCD-AE536F62A88A}.Release|x64.Deploy.0 = Release|x64
		{49A4D05B-71F4-4A36-BBCD-AE536F62A88A}.Release|x86.ActiveCfg = Release|x86
		{49A4D05B-71F4-4A36-BBCD-AE536F62A88A}.Release|x86.Build.0 = Release|x86
		{49A4D05B-71F4-4A36-BBCD-AE536F62A88A}.Release|x86.Deploy.0 = Release|x86
		{D83B207B-260A-45CC-841C-B6BA0D708494}.Ad-Hoc|Any CPU.ActiveCfg = Debug|Any CPU
		{D83B207B-260A-45CC-841C-B6BA0D708494}.Ad-Hoc|Any CPU.Build.0 = Debug|Any CPU
		{D83B207B-260A-45CC-841C-B6BA0D708494}.Ad-Hoc|ARM.ActiveCfg = Debug|Any CPU
		{D83B207B-260A-45CC-841C-B6BA0D708494}.Ad-Hoc|ARM.Build.0 = Debug|Any CPU
		{D83B207B-260A-45CC-841C-B6BA0D708494}.Ad-Hoc|iPhone.ActiveCfg = Debug|Any CPU
		{D83B207B-260A-45CC-841C-B6BA0D708494}.Ad-Hoc|iPhone.Build.0 = Debug|Any CPU
		{D83B207B-260A-45CC-841C-B6BA0D708494}.Ad-Hoc|iPhoneSimulator.ActiveCfg = Debug|Any CPU
		{D83B207B-260A-45CC-841C-B6BA0D708494}.Ad-Hoc|iPhoneSimulator.Build.0 = Debug|Any CPU
		{D83B207B-260A-45CC-841C-B6BA0D708494}.Ad-Hoc|x64.ActiveCfg = Debug|Any CPU
		{D83B207B-260A-45CC-841C-B6BA0D708494}.Ad-Hoc|x64.Build.0 = Debug|Any CPU
		{D83B207B-260A-45CC-841C-B6BA0D708494}.Ad-Hoc|x86.ActiveCfg = Debug|Any CPU
		{D83B207B-260A-45CC-841C-B6BA0D708494}.Ad-Hoc|x86.Build.0 = Debug|Any CPU
		{D83B207B-260A-45CC-841C-B6BA0D708494}.AppStore|Any CPU.ActiveCfg = Debug|Any CPU
		{D83B207B-260A-45CC-841C-B6BA0D708494}.AppStore|Any CPU.Build.0 = Debug|Any CPU
		{D83B207B-260A-45CC-841C-B6BA0D708494}.AppStore|ARM.ActiveCfg = Debug|Any CPU
		{D83B207B-260A-45CC-841C-B6BA0D708494}.AppStore|ARM.Build.0 = Debug|Any CPU
		{D83B207B-260A-45CC-841C-B6BA0D708494}.AppStore|iPhone.ActiveCfg = Debug|Any CPU
		{D83B207B-260A-45CC-841C-B6BA0D708494}.AppStore|iPhone.Build.0 = Debug|Any CPU
		{D83B207B-260A-45CC-841C-B6BA0D708494}.AppStore|iPhoneSimulator.ActiveCfg = Debug|Any CPU
		{D83B207B-260A-45CC-841C-B6BA0D708494}.AppStore|iPhoneSimulator.Build.0 = Debug|Any CPU
		{D83B207B-260A-45CC-841C-B6BA0D708494}.AppStore|x64.ActiveCfg = Debug|Any CPU
		{D83B207B-260A-45CC-841C-B6BA0D708494}.AppStore|x64.Build.0 = Debug|Any CPU
		{D83B207B-260A-45CC-841C-B6BA0D708494}.AppStore|x86.ActiveCfg = Debug|Any CPU
		{D83B207B-260A-45CC-841C-B6BA0D708494}.AppStore|x86.Build.0 = Debug|Any CPU
		{D83B207B-260A-45CC-841C-B6BA0D708494}.Debug|Any CPU.ActiveCfg = Debug|Any CPU
		{D83B207B-260A-45CC-841C-B6BA0D708494}.Debug|ARM.ActiveCfg = Debug|Any CPU
		{D83B207B-260A-45CC-841C-B6BA0D708494}.Debug|ARM.Build.0 = Debug|Any CPU
		{D83B207B-260A-45CC-841C-B6BA0D708494}.Debug|iPhone.ActiveCfg = Debug|Any CPU
		{D83B207B-260A-45CC-841C-B6BA0D708494}.Debug|iPhone.Build.0 = Debug|Any CPU
		{D83B207B-260A-45CC-841C-B6BA0D708494}.Debug|iPhoneSimulator.ActiveCfg = Debug|Any CPU
		{D83B207B-260A-45CC-841C-B6BA0D708494}.Debug|iPhoneSimulator.Build.0 = Debug|Any CPU
		{D83B207B-260A-45CC-841C-B6BA0D708494}.Debug|x64.ActiveCfg = Debug|Any CPU
		{D83B207B-260A-45CC-841C-B6BA0D708494}.Debug|x64.Build.0 = Debug|Any CPU
		{D83B207B-260A-45CC-841C-B6BA0D708494}.Debug|x86.ActiveCfg = Debug|Any CPU
		{D83B207B-260A-45CC-841C-B6BA0D708494}.Debug|x86.Build.0 = Debug|Any CPU
		{D83B207B-260A-45CC-841C-B6BA0D708494}.Release|Any CPU.ActiveCfg = Release|Any CPU
		{D83B207B-260A-45CC-841C-B6BA0D708494}.Release|Any CPU.Build.0 = Release|Any CPU
		{D83B207B-260A-45CC-841C-B6BA0D708494}.Release|ARM.ActiveCfg = Release|Any CPU
		{D83B207B-260A-45CC-841C-B6BA0D708494}.Release|ARM.Build.0 = Release|Any CPU
		{D83B207B-260A-45CC-841C-B6BA0D708494}.Release|iPhone.ActiveCfg = Release|Any CPU
		{D83B207B-260A-45CC-841C-B6BA0D708494}.Release|iPhone.Build.0 = Release|Any CPU
		{D83B207B-260A-45CC-841C-B6BA0D708494}.Release|iPhoneSimulator.ActiveCfg = Release|Any CPU
		{D83B207B-260A-45CC-841C-B6BA0D708494}.Release|iPhoneSimulator.Build.0 = Release|Any CPU
		{D83B207B-260A-45CC-841C-B6BA0D708494}.Release|x64.ActiveCfg = Release|Any CPU
		{D83B207B-260A-45CC-841C-B6BA0D708494}.Release|x64.Build.0 = Release|Any CPU
		{D83B207B-260A-45CC-841C-B6BA0D708494}.Release|x86.ActiveCfg = Release|Any CPU
		{D83B207B-260A-45CC-841C-B6BA0D708494}.Release|x86.Build.0 = Release|Any CPU
		{976B962D-3F1C-4105-8EEB-E594EA2E95F0}.Ad-Hoc|Any CPU.ActiveCfg = Debug|Any CPU
		{976B962D-3F1C-4105-8EEB-E594EA2E95F0}.Ad-Hoc|Any CPU.Build.0 = Debug|Any CPU
		{976B962D-3F1C-4105-8EEB-E594EA2E95F0}.Ad-Hoc|ARM.ActiveCfg = Debug|Any CPU
		{976B962D-3F1C-4105-8EEB-E594EA2E95F0}.Ad-Hoc|ARM.Build.0 = Debug|Any CPU
		{976B962D-3F1C-4105-8EEB-E594EA2E95F0}.Ad-Hoc|iPhone.ActiveCfg = Debug|Any CPU
		{976B962D-3F1C-4105-8EEB-E594EA2E95F0}.Ad-Hoc|iPhone.Build.0 = Debug|Any CPU
		{976B962D-3F1C-4105-8EEB-E594EA2E95F0}.Ad-Hoc|iPhoneSimulator.ActiveCfg = Debug|Any CPU
		{976B962D-3F1C-4105-8EEB-E594EA2E95F0}.Ad-Hoc|iPhoneSimulator.Build.0 = Debug|Any CPU
		{976B962D-3F1C-4105-8EEB-E594EA2E95F0}.Ad-Hoc|x64.ActiveCfg = Debug|Any CPU
		{976B962D-3F1C-4105-8EEB-E594EA2E95F0}.Ad-Hoc|x64.Build.0 = Debug|Any CPU
		{976B962D-3F1C-4105-8EEB-E594EA2E95F0}.Ad-Hoc|x86.ActiveCfg = Debug|Any CPU
		{976B962D-3F1C-4105-8EEB-E594EA2E95F0}.Ad-Hoc|x86.Build.0 = Debug|Any CPU
		{976B962D-3F1C-4105-8EEB-E594EA2E95F0}.AppStore|Any CPU.ActiveCfg = Debug|Any CPU
		{976B962D-3F1C-4105-8EEB-E594EA2E95F0}.AppStore|Any CPU.Build.0 = Debug|Any CPU
		{976B962D-3F1C-4105-8EEB-E594EA2E95F0}.AppStore|ARM.ActiveCfg = Debug|Any CPU
		{976B962D-3F1C-4105-8EEB-E594EA2E95F0}.AppStore|ARM.Build.0 = Debug|Any CPU
		{976B962D-3F1C-4105-8EEB-E594EA2E95F0}.AppStore|iPhone.ActiveCfg = Debug|Any CPU
		{976B962D-3F1C-4105-8EEB-E594EA2E95F0}.AppStore|iPhone.Build.0 = Debug|Any CPU
		{976B962D-3F1C-4105-8EEB-E594EA2E95F0}.AppStore|iPhoneSimulator.ActiveCfg = Debug|Any CPU
		{976B962D-3F1C-4105-8EEB-E594EA2E95F0}.AppStore|iPhoneSimulator.Build.0 = Debug|Any CPU
		{976B962D-3F1C-4105-8EEB-E594EA2E95F0}.AppStore|x64.ActiveCfg = Debug|Any CPU
		{976B962D-3F1C-4105-8EEB-E594EA2E95F0}.AppStore|x64.Build.0 = Debug|Any CPU
		{976B962D-3F1C-4105-8EEB-E594EA2E95F0}.AppStore|x86.ActiveCfg = Debug|Any CPU
		{976B962D-3F1C-4105-8EEB-E594EA2E95F0}.AppStore|x86.Build.0 = Debug|Any CPU
		{976B962D-3F1C-4105-8EEB-E594EA2E95F0}.Debug|Any CPU.ActiveCfg = Debug|Any CPU
		{976B962D-3F1C-4105-8EEB-E594EA2E95F0}.Debug|Any CPU.Build.0 = Debug|Any CPU
		{976B962D-3F1C-4105-8EEB-E594EA2E95F0}.Debug|ARM.ActiveCfg = Debug|Any CPU
		{976B962D-3F1C-4105-8EEB-E594EA2E95F0}.Debug|ARM.Build.0 = Debug|Any CPU
		{976B962D-3F1C-4105-8EEB-E594EA2E95F0}.Debug|iPhone.ActiveCfg = Debug|Any CPU
		{976B962D-3F1C-4105-8EEB-E594EA2E95F0}.Debug|iPhone.Build.0 = Debug|Any CPU
		{976B962D-3F1C-4105-8EEB-E594EA2E95F0}.Debug|iPhoneSimulator.ActiveCfg = Debug|Any CPU
		{976B962D-3F1C-4105-8EEB-E594EA2E95F0}.Debug|iPhoneSimulator.Build.0 = Debug|Any CPU
		{976B962D-3F1C-4105-8EEB-E594EA2E95F0}.Debug|x64.ActiveCfg = Debug|Any CPU
		{976B962D-3F1C-4105-8EEB-E594EA2E95F0}.Debug|x64.Build.0 = Debug|Any CPU
		{976B962D-3F1C-4105-8EEB-E594EA2E95F0}.Debug|x86.ActiveCfg = Debug|Any CPU
		{976B962D-3F1C-4105-8EEB-E594EA2E95F0}.Debug|x86.Build.0 = Debug|Any CPU
		{976B962D-3F1C-4105-8EEB-E594EA2E95F0}.Release|Any CPU.ActiveCfg = Release|Any CPU
		{976B962D-3F1C-4105-8EEB-E594EA2E95F0}.Release|Any CPU.Build.0 = Release|Any CPU
		{976B962D-3F1C-4105-8EEB-E594EA2E95F0}.Release|ARM.ActiveCfg = Release|Any CPU
		{976B962D-3F1C-4105-8EEB-E594EA2E95F0}.Release|ARM.Build.0 = Release|Any CPU
		{976B962D-3F1C-4105-8EEB-E594EA2E95F0}.Release|iPhone.ActiveCfg = Release|Any CPU
		{976B962D-3F1C-4105-8EEB-E594EA2E95F0}.Release|iPhone.Build.0 = Release|Any CPU
		{976B962D-3F1C-4105-8EEB-E594EA2E95F0}.Release|iPhoneSimulator.ActiveCfg = Release|Any CPU
		{976B962D-3F1C-4105-8EEB-E594EA2E95F0}.Release|iPhoneSimulator.Build.0 = Release|Any CPU
		{976B962D-3F1C-4105-8EEB-E594EA2E95F0}.Release|x64.ActiveCfg = Release|Any CPU
		{976B962D-3F1C-4105-8EEB-E594EA2E95F0}.Release|x64.Build.0 = Release|Any CPU
		{976B962D-3F1C-4105-8EEB-E594EA2E95F0}.Release|x86.ActiveCfg = Release|Any CPU
		{976B962D-3F1C-4105-8EEB-E594EA2E95F0}.Release|x86.Build.0 = Release|Any CPU
		{A72D0A07-B2BA-483A-8AAE-722DCCD18076}.Ad-Hoc|Any CPU.ActiveCfg = Debug|Any CPU
		{A72D0A07-B2BA-483A-8AAE-722DCCD18076}.Ad-Hoc|Any CPU.Build.0 = Debug|Any CPU
		{A72D0A07-B2BA-483A-8AAE-722DCCD18076}.Ad-Hoc|ARM.ActiveCfg = Debug|Any CPU
		{A72D0A07-B2BA-483A-8AAE-722DCCD18076}.Ad-Hoc|ARM.Build.0 = Debug|Any CPU
		{A72D0A07-B2BA-483A-8AAE-722DCCD18076}.Ad-Hoc|iPhone.ActiveCfg = Debug|Any CPU
		{A72D0A07-B2BA-483A-8AAE-722DCCD18076}.Ad-Hoc|iPhone.Build.0 = Debug|Any CPU
		{A72D0A07-B2BA-483A-8AAE-722DCCD18076}.Ad-Hoc|iPhoneSimulator.ActiveCfg = Debug|Any CPU
		{A72D0A07-B2BA-483A-8AAE-722DCCD18076}.Ad-Hoc|iPhoneSimulator.Build.0 = Debug|Any CPU
		{A72D0A07-B2BA-483A-8AAE-722DCCD18076}.Ad-Hoc|x64.ActiveCfg = Debug|Any CPU
		{A72D0A07-B2BA-483A-8AAE-722DCCD18076}.Ad-Hoc|x64.Build.0 = Debug|Any CPU
		{A72D0A07-B2BA-483A-8AAE-722DCCD18076}.Ad-Hoc|x86.ActiveCfg = Debug|Any CPU
		{A72D0A07-B2BA-483A-8AAE-722DCCD18076}.Ad-Hoc|x86.Build.0 = Debug|Any CPU
		{A72D0A07-B2BA-483A-8AAE-722DCCD18076}.AppStore|Any CPU.ActiveCfg = Debug|Any CPU
		{A72D0A07-B2BA-483A-8AAE-722DCCD18076}.AppStore|Any CPU.Build.0 = Debug|Any CPU
		{A72D0A07-B2BA-483A-8AAE-722DCCD18076}.AppStore|ARM.ActiveCfg = Debug|Any CPU
		{A72D0A07-B2BA-483A-8AAE-722DCCD18076}.AppStore|ARM.Build.0 = Debug|Any CPU
		{A72D0A07-B2BA-483A-8AAE-722DCCD18076}.AppStore|iPhone.ActiveCfg = Debug|Any CPU
		{A72D0A07-B2BA-483A-8AAE-722DCCD18076}.AppStore|iPhone.Build.0 = Debug|Any CPU
		{A72D0A07-B2BA-483A-8AAE-722DCCD18076}.AppStore|iPhoneSimulator.ActiveCfg = Debug|Any CPU
		{A72D0A07-B2BA-483A-8AAE-722DCCD18076}.AppStore|iPhoneSimulator.Build.0 = Debug|Any CPU
		{A72D0A07-B2BA-483A-8AAE-722DCCD18076}.AppStore|x64.ActiveCfg = Debug|Any CPU
		{A72D0A07-B2BA-483A-8AAE-722DCCD18076}.AppStore|x64.Build.0 = Debug|Any CPU
		{A72D0A07-B2BA-483A-8AAE-722DCCD18076}.AppStore|x86.ActiveCfg = Debug|Any CPU
		{A72D0A07-B2BA-483A-8AAE-722DCCD18076}.AppStore|x86.Build.0 = Debug|Any CPU
		{A72D0A07-B2BA-483A-8AAE-722DCCD18076}.Debug|Any CPU.ActiveCfg = Debug|Any CPU
		{A72D0A07-B2BA-483A-8AAE-722DCCD18076}.Debug|Any CPU.Build.0 = Debug|Any CPU
		{A72D0A07-B2BA-483A-8AAE-722DCCD18076}.Debug|ARM.ActiveCfg = Debug|Any CPU
		{A72D0A07-B2BA-483A-8AAE-722DCCD18076}.Debug|ARM.Build.0 = Debug|Any CPU
		{A72D0A07-B2BA-483A-8AAE-722DCCD18076}.Debug|iPhone.ActiveCfg = Debug|Any CPU
		{A72D0A07-B2BA-483A-8AAE-722DCCD18076}.Debug|iPhone.Build.0 = Debug|Any CPU
		{A72D0A07-B2BA-483A-8AAE-722DCCD18076}.Debug|iPhoneSimulator.ActiveCfg = Debug|Any CPU
		{A72D0A07-B2BA-483A-8AAE-722DCCD18076}.Debug|iPhoneSimulator.Build.0 = Debug|Any CPU
		{A72D0A07-B2BA-483A-8AAE-722DCCD18076}.Debug|x64.ActiveCfg = Debug|Any CPU
		{A72D0A07-B2BA-483A-8AAE-722DCCD18076}.Debug|x64.Build.0 = Debug|Any CPU
		{A72D0A07-B2BA-483A-8AAE-722DCCD18076}.Debug|x86.ActiveCfg = Debug|Any CPU
		{A72D0A07-B2BA-483A-8AAE-722DCCD18076}.Debug|x86.Build.0 = Debug|Any CPU
		{A72D0A07-B2BA-483A-8AAE-722DCCD18076}.Release|Any CPU.ActiveCfg = Release|Any CPU
		{A72D0A07-B2BA-483A-8AAE-722DCCD18076}.Release|Any CPU.Build.0 = Release|Any CPU
		{A72D0A07-B2BA-483A-8AAE-722DCCD18076}.Release|ARM.ActiveCfg = Release|Any CPU
		{A72D0A07-B2BA-483A-8AAE-722DCCD18076}.Release|ARM.Build.0 = Release|Any CPU
		{A72D0A07-B2BA-483A-8AAE-722DCCD18076}.Release|iPhone.ActiveCfg = Release|Any CPU
		{A72D0A07-B2BA-483A-8AAE-722DCCD18076}.Release|iPhone.Build.0 = Release|Any CPU
		{A72D0A07-B2BA-483A-8AAE-722DCCD18076}.Release|iPhoneSimulator.ActiveCfg = Release|Any CPU
		{A72D0A07-B2BA-483A-8AAE-722DCCD18076}.Release|iPhoneSimulator.Build.0 = Release|Any CPU
		{A72D0A07-B2BA-483A-8AAE-722DCCD18076}.Release|x64.ActiveCfg = Release|Any CPU
		{A72D0A07-B2BA-483A-8AAE-722DCCD18076}.Release|x64.Build.0 = Release|Any CPU
		{A72D0A07-B2BA-483A-8AAE-722DCCD18076}.Release|x86.ActiveCfg = Release|Any CPU
		{A72D0A07-B2BA-483A-8AAE-722DCCD18076}.Release|x86.Build.0 = Release|Any CPU
	EndGlobalSection
	GlobalSection(SolutionProperties) = preSolution
		HideSolutionNode = FALSE
	EndGlobalSection
	GlobalSection(NestedProjects) = preSolution
		{6279C845-92F8-4333-AB99-3D213163593C} = {B4DFC38B-CA41-4DAE-9815-52D8C769CCDF}
		{26228D22-0348-4687-8F76-E3BA657C0EDC} = {B4DFC38B-CA41-4DAE-9815-52D8C769CCDF}
		{347DFCD4-84DE-4C92-A84A-96835FF8BE7C} = {B4DFC38B-CA41-4DAE-9815-52D8C769CCDF}
		{49A4D05B-71F4-4A36-BBCD-AE536F62A88A} = {B4DFC38B-CA41-4DAE-9815-52D8C769CCDF}
		{D83B207B-260A-45CC-841C-B6BA0D708494} = {B4DFC38B-CA41-4DAE-9815-52D8C769CCDF}
		{976B962D-3F1C-4105-8EEB-E594EA2E95F0} = {CAB2DBE3-7C12-494F-9519-181C0914B620}
		{A72D0A07-B2BA-483A-8AAE-722DCCD18076} = {2893B3A9-AEFD-48BC-BF19-BCBF025E208D}
	EndGlobalSection
	GlobalSection(ExtensibilityGlobals) = postSolution
		SolutionGuid = {52848EA4-F9B2-4A35-A432-45927B0119C6}
	EndGlobalSection
EndGlobal
